
Microsoft Visual Studio Solution File, Format Version 11.00
# Visual Studio 2010
Project("{FAE04EC0-301F-11D3-BF4B-00C04F79EFBC}") = "Dialysis_Chart_Show4", "DialysisChartShow\Dialysis_Chart_Show4.csproj", "{8CC49D91-692E-41EC-AC47-AFC2F0BFBCD8}"
EndProject
Global
	GlobalSection(SolutionConfigurationPlatforms) = preSolution
		Debug|Any CPU = Debug|Any CPU
		Release|Any CPU = Release|Any CPU
	EndGlobalSection
	GlobalSection(ProjectConfigurationPlatforms) = postSolution
		{8CC49D91-692E-41EC-AC47-AFC2F0BFBCD8}.Debug|Any CPU.ActiveCfg = Debug|Any CPU
		{8CC49D91-692E-41EC-AC47-AFC2F0BFBCD8}.Debug|Any CPU.Build.0 = Debug|Any CPU
		{8CC49D91-692E-41EC-AC47-AFC2F0BFBCD8}.Release|Any CPU.ActiveCfg = Release|Any CPU
		{8CC49D91-692E-41EC-AC47-AFC2F0BFBCD8}.Release|Any CPU.Build.0 = Release|Any CPU
	EndGlobalSection
	GlobalSection(SolutionProperties) = preSolution
		HideSolutionNode = FALSE
	EndGlobalSection
EndGlobal
